// !$*UTF8*$!
{
	archiveVersion = 1;
	classes = {
	};
	objectVersion = 50;
	objects = {

/* Begin PBXBuildFile section */
		0480B949D49A65DC03FAD924 /* Pods_curiouCity.framework in Frameworks */ = {isa = PBXBuildFile; fileRef = 00B1D5780DF0F19A7C6BE2E1 /* Pods_curiouCity.framework */; };
		0D5CE5CF2118B17C003505C2 /* AppDelegate.swift in Sources */ = {isa = PBXBuildFile; fileRef = 0D5CE5CE2118B17C003505C2 /* AppDelegate.swift */; };
		0D5CE5D12118B17C003505C2 /* MapVC.swift in Sources */ = {isa = PBXBuildFile; fileRef = 0D5CE5D02118B17C003505C2 /* MapVC.swift */; };
		0D5CE5D42118B17C003505C2 /* Main.storyboard in Resources */ = {isa = PBXBuildFile; fileRef = 0D5CE5D22118B17C003505C2 /* Main.storyboard */; };
		0D5CE5D62118B181003505C2 /* Assets.xcassets in Resources */ = {isa = PBXBuildFile; fileRef = 0D5CE5D52118B181003505C2 /* Assets.xcassets */; };
		0D5CE5D92118B181003505C2 /* LaunchScreen.storyboard in Resources */ = {isa = PBXBuildFile; fileRef = 0D5CE5D72118B181003505C2 /* LaunchScreen.storyboard */; };
		0D5D65B42120A89F00DECB53 /* PhotoCell.swift in Sources */ = {isa = PBXBuildFile; fileRef = 0D5D65B32120A89F00DECB53 /* PhotoCell.swift */; };
		0D5D65B82120B5B300DECB53 /* Constants.swift in Sources */ = {isa = PBXBuildFile; fileRef = 0D5D65B72120B5B300DECB53 /* Constants.swift */; };
		0D5D65BB2120B85800DECB53 /* WebRequests.swift in Sources */ = {isa = PBXBuildFile; fileRef = 0D5D65BA2120B85800DECB53 /* WebRequests.swift */; };
		0D790843211FD0A700DFCFA8 /* DroppablePin.swift in Sources */ = {isa = PBXBuildFile; fileRef = 0D790842211FD0A700DFCFA8 /* DroppablePin.swift */; };
		0DB9FB8D2120FB0C008BE618 /* PopVC.swift in Sources */ = {isa = PBXBuildFile; fileRef = 0DB9FB8C2120FB0C008BE618 /* PopVC.swift */; };
/* End PBXBuildFile section */

/* Begin PBXFileReference section */
		00B1D5780DF0F19A7C6BE2E1 /* Pods_curiouCity.framework */ = {isa = PBXFileReference; explicitFileType = wrapper.framework; includeInIndex = 0; path = Pods_curiouCity.framework; sourceTree = BUILT_PRODUCTS_DIR; };
		0D5CE5CB2118B17C003505C2 /* curiouCity.app */ = {isa = PBXFileReference; explicitFileType = wrapper.application; includeInIndex = 0; path = curiouCity.app; sourceTree = BUILT_PRODUCTS_DIR; };
		0D5CE5CE2118B17C003505C2 /* AppDelegate.swift */ = {isa = PBXFileReference; lastKnownFileType = sourcecode.swift; path = AppDelegate.swift; sourceTree = "<group>"; };
		0D5CE5D02118B17C003505C2 /* MapVC.swift */ = {isa = PBXFileReference; lastKnownFileType = sourcecode.swift; path = MapVC.swift; sourceTree = "<group>"; };
		0D5CE5D32118B17C003505C2 /* Base */ = {isa = PBXFileReference; lastKnownFileType = file.storyboard; name = Base; path = Base.lproj/Main.storyboard; sourceTree = "<group>"; };
		0D5CE5D52118B181003505C2 /* Assets.xcassets */ = {isa = PBXFileReference; lastKnownFileType = folder.assetcatalog; path = Assets.xcassets; sourceTree = "<group>"; };
		0D5CE5D82118B181003505C2 /* Base */ = {isa = PBXFileReference; lastKnownFileType = file.storyboard; name = Base; path = Base.lproj/LaunchScreen.storyboard; sourceTree = "<group>"; };
		0D5CE5DA2118B181003505C2 /* Info.plist */ = {isa = PBXFileReference; lastKnownFileType = text.plist.xml; path = Info.plist; sourceTree = "<group>"; };
		0D5D65B32120A89F00DECB53 /* PhotoCell.swift */ = {isa = PBXFileReference; lastKnownFileType = sourcecode.swift; path = PhotoCell.swift; sourceTree = "<group>"; };
		0D5D65B72120B5B300DECB53 /* Constants.swift */ = {isa = PBXFileReference; lastKnownFileType = sourcecode.swift; path = Constants.swift; sourceTree = "<group>"; };
		0D5D65BA2120B85800DECB53 /* WebRequests.swift */ = {isa = PBXFileReference; lastKnownFileType = sourcecode.swift; path = WebRequests.swift; sourceTree = "<group>"; };
		0D790842211FD0A700DFCFA8 /* DroppablePin.swift */ = {isa = PBXFileReference; lastKnownFileType = sourcecode.swift; path = DroppablePin.swift; sourceTree = "<group>"; };
		0DB9FB8C2120FB0C008BE618 /* PopVC.swift */ = {isa = PBXFileReference; lastKnownFileType = sourcecode.swift; path = PopVC.swift; sourceTree = "<group>"; };
		8E1522D7CADDA340D3D6331F /* Pods-curiouCity.release.xcconfig */ = {isa = PBXFileReference; includeInIndex = 1; lastKnownFileType = text.xcconfig; name = "Pods-curiouCity.release.xcconfig"; path = "Pods/Target Support Files/Pods-curiouCity/Pods-curiouCity.release.xcconfig"; sourceTree = "<group>"; };
		D66D9D791E8B42AACD2DB60C /* Pods-curiouCity.debug.xcconfig */ = {isa = PBXFileReference; includeInIndex = 1; lastKnownFileType = text.xcconfig; name = "Pods-curiouCity.debug.xcconfig"; path = "Pods/Target Support Files/Pods-curiouCity/Pods-curiouCity.debug.xcconfig"; sourceTree = "<group>"; };
/* End PBXFileReference section */

/* Begin PBXFrameworksBuildPhase section */
		0D5CE5C82118B17C003505C2 /* Frameworks */ = {
			isa = PBXFrameworksBuildPhase;
			buildActionMask = 2147483647;
			files = (
				0480B949D49A65DC03FAD924 /* Pods_curiouCity.framework in Frameworks */,
			);
			runOnlyForDeploymentPostprocessing = 0;
		};
/* End PBXFrameworksBuildPhase section */

/* Begin PBXGroup section */
		0D3BE8322118B258009E6A73 /* Model */ = {
			isa = PBXGroup;
			children = (
			);
			path = Model;
			sourceTree = "<group>";
		};
		0D3BE8332118B267009E6A73 /* Views */ = {
			isa = PBXGroup;
			children = (
				0D790842211FD0A700DFCFA8 /* DroppablePin.swift */,
				0D5D65B32120A89F00DECB53 /* PhotoCell.swift */,
			);
			path = Views;
			sourceTree = "<group>";
		};
		0D3BE8342118B275009E6A73 /* Controllers */ = {
			isa = PBXGroup;
			children = (
				0D5CE5D02118B17C003505C2 /* MapVC.swift */,
				0DB9FB8C2120FB0C008BE618 /* PopVC.swift */,
			);
			path = Controllers;
			sourceTree = "<group>";
		};
		0D5CE5C22118B17C003505C2 = {
			isa = PBXGroup;
			children = (
				0D5CE5CD2118B17C003505C2 /* curiouCity */,
				0D5CE5CC2118B17C003505C2 /* Products */,
				5AD897F53A92EE17B11F78B1 /* Pods */,
				FE3A3272B51BE8778EEEE25B /* Frameworks */,
			);
			sourceTree = "<group>";
		};
		0D5CE5CC2118B17C003505C2 /* Products */ = {
			isa = PBXGroup;
			children = (
				0D5CE5CB2118B17C003505C2 /* curiouCity.app */,
			);
			name = Products;
			sourceTree = "<group>";
		};
		0D5CE5CD2118B17C003505C2 /* curiouCity */ = {
			isa = PBXGroup;
			children = (
				0D5D65B92120B84700DECB53 /* Services */,
				0D5D65B62120B59F00DECB53 /* Utilities */,
				0D3BE8342118B275009E6A73 /* Controllers */,
				0D3BE8332118B267009E6A73 /* Views */,
				0D3BE8322118B258009E6A73 /* Model */,
				0D5CE5CE2118B17C003505C2 /* AppDelegate.swift */,
				0D5CE5D22118B17C003505C2 /* Main.storyboard */,
				0D5CE5D52118B181003505C2 /* Assets.xcassets */,
				0D5CE5D72118B181003505C2 /* LaunchScreen.storyboard */,
				0D5CE5DA2118B181003505C2 /* Info.plist */,
			);
			path = curiouCity;
			sourceTree = "<group>";
		};
		0D5D65B62120B59F00DECB53 /* Utilities */ = {
			isa = PBXGroup;
			children = (
				0D5D65B72120B5B300DECB53 /* Constants.swift */,
			);
			path = Utilities;
			sourceTree = "<group>";
		};
		0D5D65B92120B84700DECB53 /* Services */ = {
			isa = PBXGroup;
			children = (
				0D5D65BA2120B85800DECB53 /* WebRequests.swift */,
			);
			path = Services;
			sourceTree = "<group>";
		};
		5AD897F53A92EE17B11F78B1 /* Pods */ = {
			isa = PBXGroup;
			children = (
				D66D9D791E8B42AACD2DB60C /* Pods-curiouCity.debug.xcconfig */,
				8E1522D7CADDA340D3D6331F /* Pods-curiouCity.release.xcconfig */,
			);
			name = Pods;
			sourceTree = "<group>";
		};
		FE3A3272B51BE8778EEEE25B /* Frameworks */ = {
			isa = PBXGroup;
			children = (
				00B1D5780DF0F19A7C6BE2E1 /* Pods_curiouCity.framework */,
			);
			name = Frameworks;
			sourceTree = "<group>";
		};
/* End PBXGroup section */

/* Begin PBXNativeTarget section */
		0D5CE5CA2118B17C003505C2 /* curiouCity */ = {
			isa = PBXNativeTarget;
			buildConfigurationList = 0D5CE5DD2118B181003505C2 /* Build configuration list for PBXNativeTarget "curiouCity" */;
			buildPhases = (
				52726C8B64DC2CF754221375 /* [CP] Check Pods Manifest.lock */,
				0D5CE5C72118B17C003505C2 /* Sources */,
				0D5CE5C82118B17C003505C2 /* Frameworks */,
				0D5CE5C92118B17C003505C2 /* Resources */,
				2888B2A8A278053D3AA9BDB7 /* [CP] Embed Pods Frameworks */,
			);
			buildRules = (
			);
			dependencies = (
			);
			name = curiouCity;
			productName = curiouCity;
			productReference = 0D5CE5CB2118B17C003505C2 /* curiouCity.app */;
			productType = "com.apple.product-type.application";
		};
/* End PBXNativeTarget section */

/* Begin PBXProject section */
		0D5CE5C32118B17C003505C2 /* Project object */ = {
			isa = PBXProject;
			attributes = {
				LastSwiftUpdateCheck = 0940;
				LastUpgradeCheck = 0940;
				ORGANIZATIONNAME = "Mostafa Alaa";
				TargetAttributes = {
					0D5CE5CA2118B17C003505C2 = {
						CreatedOnToolsVersion = 9.4.1;
					};
				};
			};
			buildConfigurationList = 0D5CE5C62118B17C003505C2 /* Build configuration list for PBXProject "curiouCity" */;
			compatibilityVersion = "Xcode 9.3";
			developmentRegion = en;
			hasScannedForEncodings = 0;
			knownRegions = (
				en,
				Base,
			);
			mainGroup = 0D5CE5C22118B17C003505C2;
			productRefGroup = 0D5CE5CC2118B17C003505C2 /* Products */;
			projectDirPath = "";
			projectRoot = "";
			targets = (
				0D5CE5CA2118B17C003505C2 /* curiouCity */,
			);
		};
/* End PBXProject section */

/* Begin PBXResourcesBuildPhase section */
		0D5CE5C92118B17C003505C2 /* Resources */ = {
			isa = PBXResourcesBuildPhase;
			buildActionMask = 2147483647;
			files = (
				0D5CE5D92118B181003505C2 /* LaunchScreen.storyboard in Resources */,
				0D5CE5D62118B181003505C2 /* Assets.xcassets in Resources */,
				0D5CE5D42118B17C003505C2 /* Main.storyboard in Resources */,
			);
			runOnlyForDeploymentPostprocessing = 0;
		};
/* End PBXResourcesBuildPhase section */

/* Begin PBXShellScriptBuildPhase section */
		2888B2A8A278053D3AA9BDB7 /* [CP] Embed Pods Frameworks */ = {
			isa = PBXShellScriptBuildPhase;
			buildActionMask = 2147483647;
			files = (
			);
			inputPaths = (
				"${SRCROOT}/Pods/Target Support Files/Pods-curiouCity/Pods-curiouCity-frameworks.sh",
				"${BUILT_PRODUCTS_DIR}/Alamofire/Alamofire.framework",
				"${BUILT_PRODUCTS_DIR}/AlamofireImage/AlamofireImage.framework",
			);
			name = "[CP] Embed Pods Frameworks";
			outputPaths = (
				"${TARGET_BUILD_DIR}/${FRAMEWORKS_FOLDER_PATH}/Alamofire.framework",
				"${TARGET_BUILD_DIR}/${FRAMEWORKS_FOLDER_PATH}/AlamofireImage.framework",
			);
			runOnlyForDeploymentPostprocessing = 0;
			shellPath = /bin/sh;
			shellScript = "\"${SRCROOT}/Pods/Target Support Files/Pods-curiouCity/Pods-curiouCity-frameworks.sh\"\n";
			showEnvVarsInLog = 0;
		};
		52726C8B64DC2CF754221375 /* [CP] Check Pods Manifest.lock */ = {
			isa = PBXShellScriptBuildPhase;
			buildActionMask = 2147483647;
			files = (
			);
			inputPaths = (
				"${PODS_PODFILE_DIR_PATH}/Podfile.lock",
				"${PODS_ROOT}/Manifest.lock",
			);
			name = "[CP] Check Pods Manifest.lock";
			outputPaths = (
				"$(DERIVED_FILE_DIR)/Pods-curiouCity-checkManifestLockResult.txt",
			);
			runOnlyForDeploymentPostprocessing = 0;
			shellPath = /bin/sh;
			shellScript = "diff \"${PODS_PODFILE_DIR_PATH}/Podfile.lock\" \"${PODS_ROOT}/Manifest.lock\" > /dev/null\nif [ $? != 0 ] ; then\n    # print error to STDERR\n    echo \"error: The sandbox is not in sync with the Podfile.lock. Run 'pod install' or update your CocoaPods installation.\" >&2\n    exit 1\nfi\n# This output is used by Xcode 'outputs' to avoid re-running this script phase.\necho \"SUCCESS\" > \"${SCRIPT_OUTPUT_FILE_0}\"\n";
			showEnvVarsInLog = 0;
		};
/* End PBXShellScriptBuildPhase section */

/* Begin PBXSourcesBuildPhase section */
		0D5CE5C72118B17C003505C2 /* Sources */ = {
			isa = PBXSourcesBuildPhase;
			buildActionMask = 2147483647;
			files = (
				0D5D65BB2120B85800DECB53 /* WebRequests.swift in Sources */,
				0D5D65B82120B5B300DECB53 /* Constants.swift in Sources */,
				0DB9FB8D2120FB0C008BE618 /* PopVC.swift in Sources */,
				0D5D65B42120A89F00DECB53 /* PhotoCell.swift in Sources */,
				0D5CE5D12118B17C003505C2 /* MapVC.swift in Sources */,
				0D790843211FD0A700DFCFA8 /* DroppablePin.swift in Sources */,
				0D5CE5CF2118B17C003505C2 /* AppDelegate.swift in Sources */,
			);
			runOnlyForDeploymentPostprocessing = 0;
		};
/* End PBXSourcesBuildPhase section */

/* Begin PBXVariantGroup section */
		0D5CE5D22118B17C003505C2 /* Main.storyboard */ = {
			isa = PBXVariantGroup;
			children = (
				0D5CE5D32118B17C003505C2 /* Base */,
			);
			name = Main.storyboard;
			sourceTree = "<group>";
		};
		0D5CE5D72118B181003505C2 /* LaunchScreen.storyboard */ = {
			isa = PBXVariantGroup;
			children = (
				0D5CE5D82118B181003505C2 /* Base */,
			);
			name = LaunchScreen.storyboard;
			sourceTree = "<group>";
		};
/* End PBXVariantGroup section */

/* Begin XCBuildConfiguration section */
		0D5CE5DB2118B181003505C2 /* Debug */ = {
			isa = XCBuildConfiguration;
			buildSettings = {
				ALWAYS_SEARCH_USER_PATHS = NO;
				CLANG_ANALYZER_NONNULL = YES;
				CLANG_ANALYZER_NUMBER_OBJECT_CONVERSION = YES_AGGRESSIVE;
				CLANG_CXX_LANGUAGE_STANDARD = "gnu++14";
				CLANG_CXX_LIBRARY = "libc++";
				CLANG_ENABLE_MODULES = YES;
				CLANG_ENABLE_OBJC_ARC = YES;
				CLANG_ENABLE_OBJC_WEAK = YES;
				CLANG_WARN_BLOCK_CAPTURE_AUTORELEASING = YES;
				CLANG_WARN_BOOL_CONVERSION = YES;
				CLANG_WARN_COMMA = YES;
				CLANG_WARN_CONSTANT_CONVERSION = YES;
				CLANG_WARN_DEPRECATED_OBJC_IMPLEMENTATIONS = YES;
				CLANG_WARN_DIRECT_OBJC_ISA_USAGE = YES_ERROR;
				CLANG_WARN_DOCUMENTATION_COMMENTS = YES;
				CLANG_WARN_EMPTY_BODY = YES;
				CLANG_WARN_ENUM_CONVERSION = YES;
				CLANG_WARN_INFINITE_RECURSION = YES;
				CLANG_WARN_INT_CONVERSION = YES;
				CLANG_WARN_NON_LITERAL_NULL_CONVERSION = YES;
				CLANG_WARN_OBJC_IMPLICIT_RETAIN_SELF = YES;
				CLANG_WARN_OBJC_LITERAL_CONVERSION = YES;
				CLANG_WARN_OBJC_ROOT_CLASS = YES_ERROR;
				CLANG_WARN_RANGE_LOOP_ANALYSIS = YES;
				CLANG_WARN_STRICT_PROTOTYPES = YES;
				CLANG_WARN_SUSPICIOUS_MOVE = YES;
				CLANG_WARN_UNGUARDED_AVAILABILITY = YES_AGGRESSIVE;
				CLANG_WARN_UNREACHABLE_CODE = YES;
				CLANG_WARN__DUPLICATE_METHOD_MATCH = YES;
				CODE_SIGN_IDENTITY = "iPhone Developer";
				COPY_PHASE_STRIP = NO;
				DEBUG_INFORMATION_FORMAT = dwarf;
				ENABLE_STRICT_OBJC_MSGSEND = YES;
				ENABLE_TESTABILITY = YES;
				GCC_C_LANGUAGE_STANDARD = gnu11;
				GCC_DYNAMIC_NO_PIC = NO;
				GCC_NO_COMMON_BLOCKS = YES;
				GCC_OPTIMIZATION_LEVEL = 0;
				GCC_PREPROCESSOR_DEFINITIONS = (
					"DEBUG=1",
					"$(inherited)",
				);
				GCC_WARN_64_TO_32_BIT_CONVERSION = YES;
				GCC_WARN_ABOUT_RETURN_TYPE = YES_ERROR;
				GCC_WARN_UNDECLARED_SELECTOR = YES;
				GCC_WARN_UNINITIALIZED_AUTOS = YES_AGGRESSIVE;
				GCC_WARN_UNUSED_FUNCTION = YES;
				GCC_WARN_UNUSED_VARIABLE = YES;
				IPHONEOS_DEPLOYMENT_TARGET = 11.4;
				MTL_ENABLE_DEBUG_INFO = YES;
				ONLY_ACTIVE_ARCH = YES;
				SDKROOT = iphoneos;
				SWIFT_ACTIVE_COMPILATION_CONDITIONS = DEBUG;
				SWIFT_OPTIMIZATION_LEVEL = "-Onone";
			};
			name = Debug;
		};
		0D5CE5DC2118B181003505C2 /* Release */ = {
			isa = XCBuildConfiguration;
			buildSettings = {
				ALWAYS_SEARCH_USER_PATHS = NO;
				CLANG_ANALYZER_NONNULL = YES;
				CLANG_ANALYZER_NUMBER_OBJECT_CONVERSION = YES_AGGRESSIVE;
				CLANG_CXX_LANGUAGE_STANDARD = "gnu++14";
				CLANG_CXX_LIBRARY = "libc++";
				CLANG_ENABLE_MODULES = YES;
				CLANG_ENABLE_OBJC_ARC = YES;
				CLANG_ENABLE_OBJC_WEAK = YES;
				CLANG_WARN_BLOCK_CAPTURE_AUTORELEASING = YES;
				CLANG_WARN_BOOL_CONVERSION = YES;
				CLANG_WARN_COMMA = YES;
				CLANG_WARN_CONSTANT_CONVERSION = YES;
				CLANG_WARN_DEPRECATED_OBJC_IMPLEMENTATIONS = YES;
				CLANG_WARN_DIRECT_OBJC_ISA_USAGE = YES_ERROR;
				CLANG_WARN_DOCUMENTATION_COMMENTS = YES;
				CLANG_WARN_EMPTY_BODY = YES;
				CLANG_WARN_ENUM_CONVERSION = YES;
				CLANG_WARN_INFINITE_RECURSION = YES;
				CLANG_WARN_INT_CONVERSION = YES;
				CLANG_WARN_NON_LITERAL_NULL_CONVERSION = YES;
				CLANG_WARN_OBJC_IMPLICIT_RETAIN_SELF = YES;
				CLANG_WARN_OBJC_LITERAL_CONVERSION = YES;
				CLANG_WARN_OBJC_ROOT_CLASS = YES_ERROR;
				CLANG_WARN_RANGE_LOOP_ANALYSIS = YES;
				CLANG_WARN_STRICT_PROTOTYPES = YES;
				CLANG_WARN_SUSPICIOUS_MOVE = YES;
				CLANG_WARN_UNGUARDED_AVAILABILITY = YES_AGGRESSIVE;
				CLANG_WARN_UNREACHABLE_CODE = YES;
				CLANG_WARN__DUPLICATE_METHOD_MATCH = YES;
				CODE_SIGN_IDENTITY = "iPhone Developer";
				COPY_PHASE_STRIP = NO;
				DEBUG_INFORMATION_FORMAT = "dwarf-with-dsym";
				ENABLE_NS_ASSERTIONS = NO;
				ENABLE_STRICT_OBJC_MSGSEND = YES;
				GCC_C_LANGUAGE_STANDARD = gnu11;
				GCC_NO_COMMON_BLOCKS = YES;
				GCC_WARN_64_TO_32_BIT_CONVERSION = YES;
				GCC_WARN_ABOUT_RETURN_TYPE = YES_ERROR;
				GCC_WARN_UNDECLARED_SELECTOR = YES;
				GCC_WARN_UNINITIALIZED_AUTOS = YES_AGGRESSIVE;
				GCC_WARN_UNUSED_FUNCTION = YES;
				GCC_WARN_UNUSED_VARIABLE = YES;
				IPHONEOS_DEPLOYMENT_TARGET = 11.4;
				MTL_ENABLE_DEBUG_INFO = NO;
				SDKROOT = iphoneos;
				SWIFT_COMPILATION_MODE = wholemodule;
				SWIFT_OPTIMIZATION_LEVEL = "-O";
				VALIDATE_PRODUCT = YES;
			};
			name = Release;
		};
		0D5CE5DE2118B181003505C2 /* Debug */ = {
			isa = XCBuildConfiguration;
			baseConfigurationReference = D66D9D791E8B42AACD2DB60C /* Pods-curiouCity.debug.xcconfig */;
			buildSettings = {
				ASSETCATALOG_COMPILER_APPICON_NAME = AppIcon;
				CODE_SIGN_STYLE = Automatic;
				INFOPLIST_FILE = curiouCity/Info.plist;
				LD_RUNPATH_SEARCH_PATHS = (
					"$(inherited)",
					"@executable_path/Frameworks",
				);
				PRODUCT_BUNDLE_IDENTIFIER = com.me.iLearn.curiouCity;
				PRODUCT_NAME = "$(TARGET_NAME)";
				SWIFT_VERSION = 4.0;
				TARGETED_DEVICE_FAMILY = "1,2";
			};
			name = Debug;
		};
		0D5CE5DF2118B181003505C2 /* Release */ = {
			isa = XCBuildConfiguration;
			baseConfigurationReference = 8E1522D7CADDA340D3D6331F /* Pods-curiouCity.release.xcconfig */;
			buildSettings = {
				ASSETCATALOG_COMPILER_APPICON_NAME = AppIcon;
				CODE_SIGN_STYLE = Automatic;
				INFOPLIST_FILE = curiouCity/Info.plist;
				LD_RUNPATH_SEARCH_PATHS = (
					"$(inherited)",
					"@executable_path/Frameworks",
				);
				PRODUCT_BUNDLE_IDENTIFIER = com.me.iLearn.curiouCity;
				PRODUCT_NAME = "$(TARGET_NAME)";
				SWIFT_VERSION = 4.0;
				TARGETED_DEVICE_FAMILY = "1,2";
			};
			name = Release;
		};
/* End XCBuildConfiguration section */

/* Begin XCConfigurationList section */
		0D5CE5C62118B17C003505C2 /* Build configuration list for PBXProject "curiouCity" */ = {
			isa = XCConfigurationList;
			buildConfigurations = (
				0D5CE5DB2118B181003505C2 /* Debug */,
				0D5CE5DC2118B181003505C2 /* Release */,
			);
			defaultConfigurationIsVisible = 0;
			defaultConfigurationName = Release;
		};
		0D5CE5DD2118B181003505C2 /* Build configuration list for PBXNativeTarget "curiouCity" */ = {
			isa = XCConfigurationList;
			buildConfigurations = (
				0D5CE5DE2118B181003505C2 /* Debug */,
				0D5CE5DF2118B181003505C2 /* Release */,
			);
			defaultConfigurationIsVisible = 0;
			defaultConfigurationName = Release;
		};
/* End XCConfigurationList section */
	};
	rootObject = 0D5CE5C32118B17C003505C2 /* Project object */;
}
